// !$*UTF8*$!
{
	archiveVersion = 1;
	classes = {
	};
	objectVersion = 46;
	objects = {

/* Begin PBXBuildFile section */
		0D0059AF1D993E8400AD41F4 /* imgGamma.metal in Sources */ = {isa = PBXBuildFile; fileRef = 0D0059AE1D993E8400AD41F4 /* imgGamma.metal */; };
		0D0A1C5C1E9C761D0016610D /* imgCrop.metal in Sources */ = {isa = PBXBuildFile; fileRef = 0D0A1C5B1E9C761D0016610D /* imgCrop.metal */; };
		0D0ADF8A1F4490E60013CCDB /* imgPointSpirit.metal in Sources */ = {isa = PBXBuildFile; fileRef = 0D0ADF871F4490E60013CCDB /* imgPointSpirit.metal */; };
		0D3195D91D5B2F2B00451566 /* main.m in Sources */ = {isa = PBXBuildFile; fileRef = 0D3195D81D5B2F2B00451566 /* main.m */; };
		0D3195DC1D5B2F2B00451566 /* AppDelegate.m in Sources */ = {isa = PBXBuildFile; fileRef = 0D3195DB1D5B2F2B00451566 /* AppDelegate.m */; };
		0D3195DF1D5B2F2B00451566 /* ViewController.m in Sources */ = {isa = PBXBuildFile; fileRef = 0D3195DE1D5B2F2B00451566 /* ViewController.m */; };
		0D3195E21D5B2F2B00451566 /* Main.storyboard in Resources */ = {isa = PBXBuildFile; fileRef = 0D3195E01D5B2F2B00451566 /* Main.storyboard */; };
		0D3195E71D5B2F2B00451566 /* LaunchScreen.storyboard in Resources */ = {isa = PBXBuildFile; fileRef = 0D3195E51D5B2F2B00451566 /* LaunchScreen.storyboard */; };
		0D3195F81D5B2F7E00451566 /* baseFilter.metal in Sources */ = {isa = PBXBuildFile; fileRef = 0D3195EF1D5B2F7E00451566 /* baseFilter.metal */; };
		0D3195F91D5B2F7E00451566 /* imageQuad.metal in Sources */ = {isa = PBXBuildFile; fileRef = 0D3195F01D5B2F7E00451566 /* imageQuad.metal */; };
		0D3195FA1D5B2F7E00451566 /* imgBrightness.metal in Sources */ = {isa = PBXBuildFile; fileRef = 0D3195F11D5B2F7E00451566 /* imgBrightness.metal */; };
		0D3195FB1D5B2F7E00451566 /* imgContrast.metal in Sources */ = {isa = PBXBuildFile; fileRef = 0D3195F21D5B2F7E00451566 /* imgContrast.metal */; };
		0D3195FC1D5B2F7E00451566 /* imgExposure.metal in Sources */ = {isa = PBXBuildFile; fileRef = 0D3195F31D5B2F7E00451566 /* imgExposure.metal */; };
		0D3195FD1D5B2F7E00451566 /* imgGaussian.metal in Sources */ = {isa = PBXBuildFile; fileRef = 0D3195F41D5B2F7E00451566 /* imgGaussian.metal */; };
		0D3195FE1D5B2F7E00451566 /* imgGray.metal in Sources */ = {isa = PBXBuildFile; fileRef = 0D3195F51D5B2F7E00451566 /* imgGray.metal */; };
		0D3195FF1D5B2F7E00451566 /* imgLuminance.metal in Sources */ = {isa = PBXBuildFile; fileRef = 0D3195F61D5B2F7E00451566 /* imgLuminance.metal */; };
		0D3196001D5B2F7E00451566 /* imgSaturation.metal in Sources */ = {isa = PBXBuildFile; fileRef = 0D3195F71D5B2F7E00451566 /* imgSaturation.metal */; };
		0D31960D1D5B304100451566 /* libMetalImage.a in Frameworks */ = {isa = PBXBuildFile; fileRef = 0D3196091D5B2F9500451566 /* libMetalImage.a */; };
		0D8A9D981D6D9E83000FFC11 /* imgBeauty.metal in Sources */ = {isa = PBXBuildFile; fileRef = 0D8A9D971D6D9E83000FFC11 /* imgBeauty.metal */; };
		0D9B65301F336D6E008A50EC /* Amaro.acv in Resources */ = {isa = PBXBuildFile; fileRef = 0D9B652F1F336D6E008A50EC /* Amaro.acv */; };
		0DEF87CC1F259815007AA578 /* Assets.xcassets in Resources */ = {isa = PBXBuildFile; fileRef = 0DEF87CA1F25976E007AA578 /* Assets.xcassets */; };
		0DEF87D11F259A90007AA578 /* imgToneCurve.metal in Sources */ = {isa = PBXBuildFile; fileRef = 0DEF87C91F2596A7007AA578 /* imgToneCurve.metal */; };
/* End PBXBuildFile section */

/* Begin PBXContainerItemProxy section */
		0D3196061D5B2F9500451566 /* PBXContainerItemProxy */ = {
			isa = PBXContainerItemProxy;
			containerPortal = 0D3196011D5B2F9500451566 /* MetalImage.xcodeproj */;
			proxyType = 2;
			remoteGlobalIDString = 0D924F9E1D2E9BBC00D099E6;
			remoteInfo = MetalImageFramework;
		};
		0D3196081D5B2F9500451566 /* PBXContainerItemProxy */ = {
			isa = PBXContainerItemProxy;
			containerPortal = 0D3196011D5B2F9500451566 /* MetalImage.xcodeproj */;
			proxyType = 2;
			remoteGlobalIDString = 0D380B5A1D37434100AF24EE;
			remoteInfo = MetalImage;
		};
/* End PBXContainerItemProxy section */

/* Begin PBXFileReference section */
		0D0059AE1D993E8400AD41F4 /* imgGamma.metal */ = {isa = PBXFileReference; fileEncoding = 4; lastKnownFileType = sourcecode.metal; name = imgGamma.metal; path = ../../MetalImage/MetalImage/Shaders/imgGamma.metal; sourceTree = "<group>"; };
		0D0A1C5B1E9C761D0016610D /* imgCrop.metal */ = {isa = PBXFileReference; fileEncoding = 4; lastKnownFileType = sourcecode.metal; name = imgCrop.metal; path = ../../MetalImage/MetalImage/Shaders/imgCrop.metal; sourceTree = "<group>"; };
		0D0ADF871F4490E60013CCDB /* imgPointSpirit.metal */ = {isa = PBXFileReference; fileEncoding = 4; lastKnownFileType = sourcecode.metal; name = imgPointSpirit.metal; path = ../../MetalImage/MetalImage/Shaders/imgPointSpirit.metal; sourceTree = "<group>"; };
		0D3195D41D5B2F2B00451566 /* MetalVideoFilter.app */ = {isa = PBXFileReference; explicitFileType = wrapper.application; includeInIndex = 0; path = MetalVideoFilter.app; sourceTree = BUILT_PRODUCTS_DIR; };
		0D3195D81D5B2F2B00451566 /* main.m */ = {isa = PBXFileReference; lastKnownFileType = sourcecode.c.objc; path = main.m; sourceTree = "<group>"; };
		0D3195DA1D5B2F2B00451566 /* AppDelegate.h */ = {isa = PBXFileReference; lastKnownFileType = sourcecode.c.h; path = AppDelegate.h; sourceTree = "<group>"; };
		0D3195DB1D5B2F2B00451566 /* AppDelegate.m */ = {isa = PBXFileReference; lastKnownFileType = sourcecode.c.objc; path = AppDelegate.m; sourceTree = "<group>"; };
		0D3195DD1D5B2F2B00451566 /* ViewController.h */ = {isa = PBXFileReference; lastKnownFileType = sourcecode.c.h; path = ViewController.h; sourceTree = "<group>"; };
		0D3195DE1D5B2F2B00451566 /* ViewController.m */ = {isa = PBXFileReference; lastKnownFileType = sourcecode.c.objc; path = ViewController.m; sourceTree = "<group>"; };
		0D3195E11D5B2F2B00451566 /* Base */ = {isa = PBXFileReference; lastKnownFileType = file.storyboard; name = Base; path = Base.lproj/Main.storyboard; sourceTree = "<group>"; };
		0D3195E61D5B2F2B00451566 /* Base */ = {isa = PBXFileReference; lastKnownFileType = file.storyboard; name = Base; path = Base.lproj/LaunchScreen.storyboard; sourceTree = "<group>"; };
		0D3195E81D5B2F2B00451566 /* Info.plist */ = {isa = PBXFileReference; lastKnownFileType = text.plist.xml; path = Info.plist; sourceTree = "<group>"; };
		0D3195EF1D5B2F7E00451566 /* baseFilter.metal */ = {isa = PBXFileReference; fileEncoding = 4; lastKnownFileType = sourcecode.metal; name = baseFilter.metal; path = ../../MetalImage/MetalImage/Shaders/baseFilter.metal; sourceTree = "<group>"; };
		0D3195F01D5B2F7E00451566 /* imageQuad.metal */ = {isa = PBXFileReference; fileEncoding = 4; lastKnownFileType = sourcecode.metal; name = imageQuad.metal; path = ../../MetalImage/MetalImage/Shaders/imageQuad.metal; sourceTree = "<group>"; };
		0D3195F11D5B2F7E00451566 /* imgBrightness.metal */ = {isa = PBXFileReference; fileEncoding = 4; lastKnownFileType = sourcecode.metal; name = imgBrightness.metal; path = ../../MetalImage/MetalImage/Shaders/imgBrightness.metal; sourceTree = "<group>"; };
		0D3195F21D5B2F7E00451566 /* imgContrast.metal */ = {isa = PBXFileReference; fileEncoding = 4; lastKnownFileType = sourcecode.metal; name = imgContrast.metal; path = ../../MetalImage/MetalImage/Shaders/imgContrast.metal; sourceTree = "<group>"; };
		0D3195F31D5B2F7E00451566 /* imgExposure.metal */ = {isa = PBXFileReference; fileEncoding = 4; lastKnownFileType = sourcecode.metal; name = imgExposure.metal; path = ../../MetalImage/MetalImage/Shaders/imgExposure.metal; sourceTree = "<group>"; };
		0D3195F41D5B2F7E00451566 /* imgGaussian.metal */ = {isa = PBXFileReference; fileEncoding = 4; lastKnownFileType = sourcecode.metal; name = imgGaussian.metal; path = ../../MetalImage/MetalImage/Shaders/imgGaussian.metal; sourceTree = "<group>"; };
		0D3195F51D5B2F7E00451566 /* imgGray.metal */ = {isa = PBXFileReference; fileEncoding = 4; lastKnownFileType = sourcecode.metal; name = imgGray.metal; path = ../../MetalImage/MetalImage/Shaders/imgGray.metal; sourceTree = "<group>"; };
		0D3195F61D5B2F7E00451566 /* imgLuminance.metal */ = {isa = PBXFileReference; fileEncoding = 4; lastKnownFileType = sourcecode.metal; name = imgLuminance.metal; path = ../../MetalImage/MetalImage/Shaders/imgLuminance.metal; sourceTree = "<group>"; };
		0D3195F71D5B2F7E00451566 /* imgSaturation.metal */ = {isa = PBXFileReference; fileEncoding = 4; lastKnownFileType = sourcecode.metal; name = imgSaturation.metal; path = ../../MetalImage/MetalImage/Shaders/imgSaturation.metal; sourceTree = "<group>"; };
		0D3196011D5B2F9500451566 /* MetalImage.xcodeproj */ = {isa = PBXFileReference; lastKnownFileType = "wrapper.pb-project"; name = MetalImage.xcodeproj; path = ../../MetalImage/MetalImage.xcodeproj; sourceTree = "<group>"; };
		0D8A9D971D6D9E83000FFC11 /* imgBeauty.metal */ = {isa = PBXFileReference; fileEncoding = 4; lastKnownFileType = sourcecode.metal; name = imgBeauty.metal; path = ../../MetalImage/MetalImage/Shaders/imgBeauty.metal; sourceTree = "<group>"; };
		0D9B652F1F336D6E008A50EC /* Amaro.acv */ = {isa = PBXFileReference; lastKnownFileType = file; path = Amaro.acv; sourceTree = "<group>"; };
		0DEF87C91F2596A7007AA578 /* imgToneCurve.metal */ = {isa = PBXFileReference; lastKnownFileType = sourcecode.metal; name = imgToneCurve.metal; path = ../../MetalImage/MetalImage/Shaders/imgToneCurve.metal; sourceTree = "<group>"; };
		0DEF87CA1F25976E007AA578 /* Assets.xcassets */ = {isa = PBXFileReference; lastKnownFileType = folder.assetcatalog; path = Assets.xcassets; sourceTree = "<group>"; };
/* End PBXFileReference section */

/* Begin PBXFrameworksBuildPhase section */
		0D3195D11D5B2F2B00451566 /* Frameworks */ = {
			isa = PBXFrameworksBuildPhase;
			buildActionMask = 2147483647;
			files = (
				0D31960D1D5B304100451566 /* libMetalImage.a in Frameworks */,
			);
			runOnlyForDeploymentPostprocessing = 0;
		};
/* End PBXFrameworksBuildPhase section */

/* Begin PBXGroup section */
		0D3195CB1D5B2F2B00451566 = {
			isa = PBXGroup;
			children = (
				0D3195EE1D5B2F5300451566 /* Resources */,
				0D3196011D5B2F9500451566 /* MetalImage.xcodeproj */,
				0D3195D61D5B2F2B00451566 /* MetalVideoFilter */,
				0D3195D51D5B2F2B00451566 /* Products */,
			);
			sourceTree = "<group>";
		};
		0D3195D51D5B2F2B00451566 /* Products */ = {
			isa = PBXGroup;
			children = (
				0D3195D41D5B2F2B00451566 /* MetalVideoFilter.app */,
			);
			name = Products;
			sourceTree = "<group>";
		};
		0D3195D61D5B2F2B00451566 /* MetalVideoFilter */ = {
			isa = PBXGroup;
			children = (
				0DEF87CA1F25976E007AA578 /* Assets.xcassets */,
				0D3195DA1D5B2F2B00451566 /* AppDelegate.h */,
				0D3195DB1D5B2F2B00451566 /* AppDelegate.m */,
				0D3195DD1D5B2F2B00451566 /* ViewController.h */,
				0D3195DE1D5B2F2B00451566 /* ViewController.m */,
				0D3195E01D5B2F2B00451566 /* Main.storyboard */,
				0D3195E51D5B2F2B00451566 /* LaunchScreen.storyboard */,
				0D3195E81D5B2F2B00451566 /* Info.plist */,
				0D3195D71D5B2F2B00451566 /* Supporting Files */,
			);
			path = MetalVideoFilter;
			sourceTree = "<group>";
		};
		0D3195D71D5B2F2B00451566 /* Supporting Files */ = {
			isa = PBXGroup;
			children = (
				0D3195D81D5B2F2B00451566 /* main.m */,
			);
			name = "Supporting Files";
			sourceTree = "<group>";
		};
		0D3195EE1D5B2F5300451566 /* Resources */ = {
			isa = PBXGroup;
			children = (
				0D0ADF871F4490E60013CCDB /* imgPointSpirit.metal */,
				0D9B652F1F336D6E008A50EC /* Amaro.acv */,
				0DEF87C91F2596A7007AA578 /* imgToneCurve.metal */,
				0D0A1C5B1E9C761D0016610D /* imgCrop.metal */,
				0D3195EF1D5B2F7E00451566 /* baseFilter.metal */,
				0D3195F01D5B2F7E00451566 /* imageQuad.metal */,
				0D0059AE1D993E8400AD41F4 /* imgGamma.metal */,
				0D8A9D971D6D9E83000FFC11 /* imgBeauty.metal */,
				0D3195F51D5B2F7E00451566 /* imgGray.metal */,
				0D3195F71D5B2F7E00451566 /* imgSaturation.metal */,
				0D3195F31D5B2F7E00451566 /* imgExposure.metal */,
				0D3195F11D5B2F7E00451566 /* imgBrightness.metal */,
				0D3195F61D5B2F7E00451566 /* imgLuminance.metal */,
				0D3195F21D5B2F7E00451566 /* imgContrast.metal */,
				0D3195F41D5B2F7E00451566 /* imgGaussian.metal */,
			);
			name = Resources;
			sourceTree = "<group>";
		};
		0D3196021D5B2F9500451566 /* Products */ = {
			isa = PBXGroup;
			children = (
				0D3196071D5B2F9500451566 /* MetalImageFramework.framework */,
				0D3196091D5B2F9500451566 /* libMetalImage.a */,
			);
			name = Products;
			sourceTree = "<group>";
		};
/* End PBXGroup section */

/* Begin PBXNativeTarget section */
		0D3195D31D5B2F2B00451566 /* MetalVideoFilter */ = {
			isa = PBXNativeTarget;
			buildConfigurationList = 0D3195EB1D5B2F2B00451566 /* Build configuration list for PBXNativeTarget "MetalVideoFilter" */;
			buildPhases = (
				0D3195D01D5B2F2B00451566 /* Sources */,
				0D3195D11D5B2F2B00451566 /* Frameworks */,
				0D3195D21D5B2F2B00451566 /* Resources */,
			);
			buildRules = (
			);
			dependencies = (
			);
			name = MetalVideoFilter;
			productName = MetalVideoFilter;
			productReference = 0D3195D41D5B2F2B00451566 /* MetalVideoFilter.app */;
			productType = "com.apple.product-type.application";
		};
/* End PBXNativeTarget section */

/* Begin PBXProject section */
		0D3195CC1D5B2F2B00451566 /* Project object */ = {
			isa = PBXProject;
			attributes = {
				LastUpgradeCheck = 0800;
				ORGANIZATIONNAME = erickingxu;
				TargetAttributes = {
					0D3195D31D5B2F2B00451566 = {
						CreatedOnToolsVersion = 7.3.1;
						DevelopmentTeam = PVE2WH4PE2;
					};
				};
			};
			buildConfigurationList = 0D3195CF1D5B2F2B00451566 /* Build configuration list for PBXProject "MetalVideoFilter" */;
			compatibilityVersion = "Xcode 3.2";
			developmentRegion = English;
			hasScannedForEncodings = 0;
			knownRegions = (
				en,
				Base,
			);
			mainGroup = 0D3195CB1D5B2F2B00451566;
			productRefGroup = 0D3195D51D5B2F2B00451566 /* Products */;
			projectDirPath = "";
			projectReferences = (
				{
					ProductGroup = 0D3196021D5B2F9500451566 /* Products */;
					ProjectRef = 0D3196011D5B2F9500451566 /* MetalImage.xcodeproj */;
				},
			);
			projectRoot = "";
			targets = (
				0D3195D31D5B2F2B00451566 /* MetalVideoFilter */,
			);
		};
/* End PBXProject section */

/* Begin PBXReferenceProxy section */
		0D3196071D5B2F9500451566 /* MetalImageFramework.framework */ = {
			isa = PBXReferenceProxy;
			fileType = wrapper.framework;
			path = MetalImageFramework.framework;
			remoteRef = 0D3196061D5B2F9500451566 /* PBXContainerItemProxy */;
			sourceTree = BUILT_PRODUCTS_DIR;
		};
		0D3196091D5B2F9500451566 /* libMetalImage.a */ = {
			isa = PBXReferenceProxy;
			fileType = archive.ar;
			path = libMetalImage.a;
			remoteRef = 0D3196081D5B2F9500451566 /* PBXContainerItemProxy */;
			sourceTree = BUILT_PRODUCTS_DIR;
		};
/* End PBXReferenceProxy section */

/* Begin PBXResourcesBuildPhase section */
		0D3195D21D5B2F2B00451566 /* Resources */ = {
			isa = PBXResourcesBuildPhase;
			buildActionMask = 2147483647;
			files = (
				0DEF87CC1F259815007AA578 /* Assets.xcassets in Resources */,
				0D9B65301F336D6E008A50EC /* Amaro.acv in Resources */,
				0D3195E71D5B2F2B00451566 /* LaunchScreen.storyboard in Resources */,
				0D3195E21D5B2F2B00451566 /* Main.storyboard in Resources */,
			);
			runOnlyForDeploymentPostprocessing = 0;
		};
/* End PBXResourcesBuildPhase section */

/* Begin PBXSourcesBuildPhase section */
		0D3195D01D5B2F2B00451566 /* Sources */ = {
			isa = PBXSourcesBuildPhase;
			buildActionMask = 2147483647;
			files = (
				0D3195DF1D5B2F2B00451566 /* ViewController.m in Sources */,
				0D3195F91D5B2F7E00451566 /* imageQuad.metal in Sources */,
				0D0A1C5C1E9C761D0016610D /* imgCrop.metal in Sources */,
				0D3195FC1D5B2F7E00451566 /* imgExposure.metal in Sources */,
				0D3195FB1D5B2F7E00451566 /* imgContrast.metal in Sources */,
				0D3195FF1D5B2F7E00451566 /* imgLuminance.metal in Sources */,
				0D3195FE1D5B2F7E00451566 /* imgGray.metal in Sources */,
				0D3195FA1D5B2F7E00451566 /* imgBrightness.metal in Sources */,
				0D3195DC1D5B2F2B00451566 /* AppDelegate.m in Sources */,
				0D8A9D981D6D9E83000FFC11 /* imgBeauty.metal in Sources */,
				0D0ADF8A1F4490E60013CCDB /* imgPointSpirit.metal in Sources */,
				0D3195FD1D5B2F7E00451566 /* imgGaussian.metal in Sources */,
				0DEF87D11F259A90007AA578 /* imgToneCurve.metal in Sources */,
				0D3195F81D5B2F7E00451566 /* baseFilter.metal in Sources */,
				0D0059AF1D993E8400AD41F4 /* imgGamma.metal in Sources */,
				0D3195D91D5B2F2B00451566 /* main.m in Sources */,
				0D3196001D5B2F7E00451566 /* imgSaturation.metal in Sources */,
			);
			runOnlyForDeploymentPostprocessing = 0;
		};
/* End PBXSourcesBuildPhase section */

/* Begin PBXVariantGroup section */
		0D3195E01D5B2F2B00451566 /* Main.storyboard */ = {
			isa = PBXVariantGroup;
			children = (
				0D3195E11D5B2F2B00451566 /* Base */,
			);
			name = Main.storyboard;
			sourceTree = "<group>";
		};
		0D3195E51D5B2F2B00451566 /* LaunchScreen.storyboard */ = {
			isa = PBXVariantGroup;
			children = (
				0D3195E61D5B2F2B00451566 /* Base */,
			);
			name = LaunchScreen.storyboard;
			sourceTree = "<group>";
		};
/* End PBXVariantGroup section */

/* Begin XCBuildConfiguration section */
		0D3195E91D5B2F2B00451566 /* Debug */ = {
			isa = XCBuildConfiguration;
			buildSettings = {
				ALWAYS_SEARCH_USER_PATHS = NO;
				CLANG_ANALYZER_NONNULL = YES;
				CLANG_CXX_LANGUAGE_STANDARD = "gnu++0x";
				CLANG_CXX_LIBRARY = "libc++";
				CLANG_ENABLE_MODULES = YES;
				CLANG_ENABLE_OBJC_ARC = YES;
				CLANG_WARN_BOOL_CONVERSION = YES;
				CLANG_WARN_CONSTANT_CONVERSION = YES;
				CLANG_WARN_DIRECT_OBJC_ISA_USAGE = YES_ERROR;
				CLANG_WARN_EMPTY_BODY = YES;
				CLANG_WARN_ENUM_CONVERSION = YES;
				CLANG_WARN_INFINITE_RECURSION = YES;
				CLANG_WARN_INT_CONVERSION = YES;
				CLANG_WARN_OBJC_ROOT_CLASS = YES_ERROR;
				CLANG_WARN_SUSPICIOUS_MOVE = YES;
				CLANG_WARN_UNREACHABLE_CODE = YES;
				CLANG_WARN__DUPLICATE_METHOD_MATCH = YES;
				"CODE_SIGN_IDENTITY[sdk=iphoneos*]" = "iPhone Developer";
				COPY_PHASE_STRIP = NO;
				DEBUG_INFORMATION_FORMAT = dwarf;
				ENABLE_STRICT_OBJC_MSGSEND = YES;
				ENABLE_TESTABILITY = YES;
				GCC_C_LANGUAGE_STANDARD = gnu99;
				GCC_DYNAMIC_NO_PIC = NO;
				GCC_NO_COMMON_BLOCKS = YES;
				GCC_OPTIMIZATION_LEVEL = 0;
				GCC_PREPROCESSOR_DEFINITIONS = (
					"DEBUG=1",
					"$(inherited)",
				);
				GCC_WARN_64_TO_32_BIT_CONVERSION = YES;
				GCC_WARN_ABOUT_RETURN_TYPE = YES_ERROR;
				GCC_WARN_UNDECLARED_SELECTOR = YES;
				GCC_WARN_UNINITIALIZED_AUTOS = YES_AGGRESSIVE;
				GCC_WARN_UNUSED_FUNCTION = YES;
				GCC_WARN_UNUSED_VARIABLE = YES;
				IPHONEOS_DEPLOYMENT_TARGET = 9.3;
				MTL_ENABLE_DEBUG_INFO = YES;
				ONLY_ACTIVE_ARCH = YES;
				SDKROOT = iphoneos;
			};
			name = Debug;
		};
		0D3195EA1D5B2F2B00451566 /* Release */ = {
			isa = XCBuildConfiguration;
			buildSettings = {
				ALWAYS_SEARCH_USER_PATHS = NO;
				CLANG_ANALYZER_NONNULL = YES;
				CLANG_CXX_LANGUAGE_STANDARD = "gnu++0x";
				CLANG_CXX_LIBRARY = "libc++";
				CLANG_ENABLE_MODULES = YES;
				CLANG_ENABLE_OBJC_ARC = YES;
				CLANG_WARN_BOOL_CONVERSION = YES;
				CLANG_WARN_CONSTANT_CONVERSION = YES;
				CLANG_WARN_DIRECT_OBJC_ISA_USAGE = YES_ERROR;
				CLANG_WARN_EMPTY_BODY = YES;
				CLANG_WARN_ENUM_CONVERSION = YES;
				CLANG_WARN_INFINITE_RECURSION = YES;
				CLANG_WARN_INT_CONVERSION = YES;
				CLANG_WARN_OBJC_ROOT_CLASS = YES_ERROR;
				CLANG_WARN_SUSPICIOUS_MOVE = YES;
				CLANG_WARN_UNREACHABLE_CODE = YES;
				CLANG_WARN__DUPLICATE_METHOD_MATCH = YES;
				"CODE_SIGN_IDENTITY[sdk=iphoneos*]" = "iPhone Developer";
				COPY_PHASE_STRIP = NO;
				DEBUG_INFORMATION_FORMAT = "dwarf-with-dsym";
				ENABLE_NS_ASSERTIONS = NO;
				ENABLE_STRICT_OBJC_MSGSEND = YES;
				GCC_C_LANGUAGE_STANDARD = gnu99;
				GCC_NO_COMMON_BLOCKS = YES;
				GCC_WARN_64_TO_32_BIT_CONVERSION = YES;
				GCC_WARN_ABOUT_RETURN_TYPE = YES_ERROR;
				GCC_WARN_UNDECLARED_SELECTOR = YES;
				GCC_WARN_UNINITIALIZED_AUTOS = YES_AGGRESSIVE;
				GCC_WARN_UNUSED_FUNCTION = YES;
				GCC_WARN_UNUSED_VARIABLE = YES;
				IPHONEOS_DEPLOYMENT_TARGET = 9.3;
				MTL_ENABLE_DEBUG_INFO = NO;
				SDKROOT = iphoneos;
				VALIDATE_PRODUCT = YES;
			};
			name = Release;
		};
		0D3195EC1D5B2F2B00451566 /* Debug */ = {
			isa = XCBuildConfiguration;
			buildSettings = {
				ASSETCATALOG_COMPILER_APPICON_NAME = AppIcon;
				CODE_SIGN_IDENTITY = "iPhone Developer";
				"CODE_SIGN_IDENTITY[sdk=iphoneos*]" = "iPhone Developer";
				DEVELOPMENT_TEAM = PVE2WH4PE2;
				HEADER_SEARCH_PATHS = ../../MetalImage/MetalImage;
				INFOPLIST_FILE = MetalVideoFilter/Info.plist;
				LD_RUNPATH_SEARCH_PATHS = "$(inherited) @executable_path/Frameworks";
				OTHER_LDFLAGS = (
					"-lstdc++",
					"-all_load",
				);
				PRODUCT_BUNDLE_IDENTIFIER = com.ericking.MetalVideoFilter;
				PRODUCT_NAME = "$(TARGET_NAME)";
				PROVISIONING_PROFILE = "";
			};
			name = Debug;
		};
		0D3195ED1D5B2F2B00451566 /* Release */ = {
			isa = XCBuildConfiguration;
			buildSettings = {
				ASSETCATALOG_COMPILER_APPICON_NAME = AppIcon;
				CODE_SIGN_IDENTITY = "iPhone Developer";
				"CODE_SIGN_IDENTITY[sdk=iphoneos*]" = "iPhone Developer";
				DEVELOPMENT_TEAM = PVE2WH4PE2;
				HEADER_SEARCH_PATHS = ../../MetalImage/MetalImage;
				INFOPLIST_FILE = MetalVideoFilter/Info.plist;
				LD_RUNPATH_SEARCH_PATHS = "$(inherited) @executable_path/Frameworks";
				OTHER_LDFLAGS = (
					"-lstdc++",
					"-all_load",
				);
				PRODUCT_BUNDLE_IDENTIFIER = com.ericking.MetalVideoFilter;
				PRODUCT_NAME = "$(TARGET_NAME)";
				PROVISIONING_PROFILE = "";
			};
			name = Release;
		};
/* End XCBuildConfiguration section */

/* Begin XCConfigurationList section */
		0D3195CF1D5B2F2B00451566 /* Build configuration list for PBXProject "MetalVideoFilter" */ = {
			isa = XCConfigurationList;
			buildConfigurations = (
				0D3195E91D5B2F2B00451566 /* Debug */,
				0D3195EA1D5B2F2B00451566 /* Release */,
			);
			defaultConfigurationIsVisible = 0;
			defaultConfigurationName = Release;
		};
		0D3195EB1D5B2F2B00451566 /* Build configuration list for PBXNativeTarget "MetalVideoFilter" */ = {
			isa = XCConfigurationList;
			buildConfigurations = (
				0D3195EC1D5B2F2B00451566 /* Debug */,
				0D3195ED1D5B2F2B00451566 /* Release */,
			);
			defaultConfigurationIsVisible = 0;
			defaultConfigurationName = Release;
		};
/* End XCConfigurationList section */
	};
	rootObject = 0D3195CC1D5B2F2B00451566 /* Project object */;
}
